
Microsoft Visual Studio Solution File, Format Version 12.00
# Visual Studio Version 17
VisualStudioVersion = 17.1.32319.34
MinimumVisualStudioVersion = 10.0.40219.1
Project("{FAE04EC0-301F-11D3-BF4B-00C04F79EFBC}") = "atividade", "atividade\atividade.csproj", "{E2B3F871-5BB5-40EE-A385-F24FA84A75D5}"
EndProject
Global
	GlobalSection(SolutionConfigurationPlatforms) = preSolution
		Debug|Any CPU = Debug|Any CPU
		Release|Any CPU = Release|Any CPU
	EndGlobalSection
	GlobalSection(ProjectConfigurationPlatforms) = postSolution
		{E2B3F871-5BB5-40EE-A385-F24FA84A75D5}.Debug|Any CPU.ActiveCfg = Debug|Any CPU
		{E2B3F871-5BB5-40EE-A385-F24FA84A75D5}.Debug|Any CPU.Build.0 = Debug|Any CPU
		{E2B3F871-5BB5-40EE-A385-F24FA84A75D5}.Release|Any CPU.ActiveCfg = Release|Any CPU
		{E2B3F871-5BB5-40EE-A385-F24FA84A75D5}.Release|Any CPU.Build.0 = Release|Any CPU
	EndGlobalSection
	GlobalSection(SolutionProperties) = preSolution
		HideSolutionNode = FALSE
	EndGlobalSection
	GlobalSection(ExtensibilityGlobals) = postSolution
		SolutionGuid = {5CAA25FF-A730-432A-9FA0-9243AA52CF3B}
	EndGlobalSection
EndGlobal
